
Microsoft Visual Studio Solution File, Format Version 12.00
# Visual Studio Version 16
VisualStudioVersion = 16.0.31229.75
MinimumVisualStudioVersion = 10.0.40219.1
Project("{9A19103F-16F7-4668-BE54-9A1E7A4F7556}") = "Calculator WPF", "Calculator WPF.csproj", "{6A63D209-617E-4F8A-A6D2-7523CBB8E966}"
EndProject
Global
	GlobalSection(SolutionConfigurationPlatforms) = preSolution
		Debug|Any CPU = Debug|Any CPU
		Release|Any CPU = Release|Any CPU
	EndGlobalSection
	GlobalSection(ProjectConfigurationPlatforms) = postSolution
		{6A63D209-617E-4F8A-A6D2-7523CBB8E966}.Debug|Any CPU.ActiveCfg = Debug|Any CPU
		{6A63D209-617E-4F8A-A6D2-7523CBB8E966}.Debug|Any CPU.Build.0 = Debug|Any CPU
		{6A63D209-617E-4F8A-A6D2-7523CBB8E966}.Release|Any CPU.ActiveCfg = Release|Any CPU
		{6A63D209-617E-4F8A-A6D2-7523CBB8E966}.Release|Any CPU.Build.0 = Release|Any CPU
	EndGlobalSection
	GlobalSection(SolutionProperties) = preSolution
		HideSolutionNode = FALSE
	EndGlobalSection
	GlobalSection(ExtensibilityGlobals) = postSolution
		SolutionGuid = {C25D4B6A-B5EE-4A0F-820F-E3129FD671E0}
	EndGlobalSection
EndGlobal
